
Microsoft Visual Studio Solution File, Format Version 12.00
# Visual Studio Version 17
VisualStudioVersion = 17.14.36603.0
MinimumVisualStudioVersion = 10.0.40219.1
Project("{2150E333-8FDC-42A3-9474-1A3956D46DE8}") = "Services", "Services", "{02EA681E-C7D8-13C7-8484-4AC65E1B71E8}"
EndProject
Project("{2150E333-8FDC-42A3-9474-1A3956D46DE8}") = "Catalog", "Catalog", "{0C3440AC-9265-4E86-8031-752F7CC87143}"
EndProject
Project("{FAE04EC0-301F-11D3-BF4B-00C04F79EFBC}") = "MultiShop.Catalog", "Services\Catalog\MultiShop.Catalog\MultiShop.Catalog.csproj", "{F6C0AE09-68EE-4145-8111-0D76A2B73EFE}"
EndProject
Project("{2150E333-8FDC-42A3-9474-1A3956D46DE8}") = "Discount", "Discount", "{2E89F274-B5B4-4B10-A74E-8A3AD7EFD764}"
EndProject
Project("{FAE04EC0-301F-11D3-BF4B-00C04F79EFBC}") = "MultiShop.Discount", "Services\Discount\MultiShop.Discount\MultiShop.Discount.csproj", "{D6A50F79-C8C8-4D1B-8630-3D16797A053C}"
EndProject
Project("{2150E333-8FDC-42A3-9474-1A3956D46DE8}") = "Order", "Order", "{EB4DFFE8-7C8E-4F4F-8490-8DBD2AF64738}"
EndProject
Project("{2150E333-8FDC-42A3-9474-1A3956D46DE8}") = "Core", "Core", "{AAA68CBC-2198-4DAB-A6CD-B3136B37F01C}"
EndProject
Project("{2150E333-8FDC-42A3-9474-1A3956D46DE8}") = "Infrastructure", "Infrastructure", "{B42D945E-7EF3-4F61-B1DA-57132542C44E}"
EndProject
Project("{2150E333-8FDC-42A3-9474-1A3956D46DE8}") = "Presentation", "Presentation", "{26C3D5EA-EEA6-42E0-AD97-36980ECC7E4E}"
EndProject
Project("{FAE04EC0-301F-11D3-BF4B-00C04F79EFBC}") = "MultiShop.Order.Domain", "Service\Order\Core\MultiShop.Order.Domain\MultiShop.Order.Domain.csproj", "{04C12236-661E-4085-84CC-7F32851F7971}"
EndProject
Project("{FAE04EC0-301F-11D3-BF4B-00C04F79EFBC}") = "MultiShop.Order.Application", "Service\Order\Core\MultiShop.Order.Application\MultiShop.Order.Application.csproj", "{E50C0317-9534-40A1-B3BE-79CFDA3E9BA3}"
EndProject
Project("{FAE04EC0-301F-11D3-BF4B-00C04F79EFBC}") = "MultiShop.Order.Persistence", "Service\Order\Infrastructure\MultiShop.Order.Persistence\MultiShop.Order.Persistence.csproj", "{BB67112F-6A69-439A-AB20-2B1894DF2BFC}"
EndProject
Project("{FAE04EC0-301F-11D3-BF4B-00C04F79EFBC}") = "MultiShop.Order.WebApi", "Service\Order\Presentation\MultiShop.Order.WebApi\MultiShop.Order.WebApi.csproj", "{7060A06C-FC77-4153-8B9B-294426EFDC9F}"
EndProject
Project("{2150E333-8FDC-42A3-9474-1A3956D46DE8}") = "IdentityServer", "IdentityServer", "{F6A106D3-6D82-40DB-8067-59578F935736}"
EndProject
Project("{FAE04EC0-301F-11D3-BF4B-00C04F79EFBC}") = "MultiShop.IdentityServer", "IdentityServer\MultiShop.IdentityServer\MultiShop.IdentityServer.csproj", "{EA14094F-FB55-5ABC-1402-B4229C4AD0B1}"
EndProject
Global
	GlobalSection(SolutionConfigurationPlatforms) = preSolution
		Debug|Any CPU = Debug|Any CPU
		Release|Any CPU = Release|Any CPU
	EndGlobalSection
	GlobalSection(ProjectConfigurationPlatforms) = postSolution
		{F6C0AE09-68EE-4145-8111-0D76A2B73EFE}.Debug|Any CPU.ActiveCfg = Debug|Any CPU
		{F6C0AE09-68EE-4145-8111-0D76A2B73EFE}.Debug|Any CPU.Build.0 = Debug|Any CPU
		{F6C0AE09-68EE-4145-8111-0D76A2B73EFE}.Release|Any CPU.ActiveCfg = Release|Any CPU
		{F6C0AE09-68EE-4145-8111-0D76A2B73EFE}.Release|Any CPU.Build.0 = Release|Any CPU
		{D6A50F79-C8C8-4D1B-8630-3D16797A053C}.Debug|Any CPU.ActiveCfg = Debug|Any CPU
		{D6A50F79-C8C8-4D1B-8630-3D16797A053C}.Debug|Any CPU.Build.0 = Debug|Any CPU
		{D6A50F79-C8C8-4D1B-8630-3D16797A053C}.Release|Any CPU.ActiveCfg = Release|Any CPU
		{D6A50F79-C8C8-4D1B-8630-3D16797A053C}.Release|Any CPU.Build.0 = Release|Any CPU
		{04C12236-661E-4085-84CC-7F32851F7971}.Debug|Any CPU.ActiveCfg = Debug|Any CPU
		{04C12236-661E-4085-84CC-7F32851F7971}.Debug|Any CPU.Build.0 = Debug|Any CPU
		{04C12236-661E-4085-84CC-7F32851F7971}.Release|Any CPU.ActiveCfg = Release|Any CPU
		{04C12236-661E-4085-84CC-7F32851F7971}.Release|Any CPU.Build.0 = Release|Any CPU
		{E50C0317-9534-40A1-B3BE-79CFDA3E9BA3}.Debug|Any CPU.ActiveCfg = Debug|Any CPU
		{E50C0317-9534-40A1-B3BE-79CFDA3E9BA3}.Debug|Any CPU.Build.0 = Debug|Any CPU
		{E50C0317-9534-40A1-B3BE-79CFDA3E9BA3}.Release|Any CPU.ActiveCfg = Release|Any CPU
		{E50C0317-9534-40A1-B3BE-79CFDA3E9BA3}.Release|Any CPU.Build.0 = Release|Any CPU
		{BB67112F-6A69-439A-AB20-2B1894DF2BFC}.Debug|Any CPU.ActiveCfg = Debug|Any CPU
		{BB67112F-6A69-439A-AB20-2B1894DF2BFC}.Debug|Any CPU.Build.0 = Debug|Any CPU
		{BB67112F-6A69-439A-AB20-2B1894DF2BFC}.Release|Any CPU.ActiveCfg = Release|Any CPU
		{BB67112F-6A69-439A-AB20-2B1894DF2BFC}.Release|Any CPU.Build.0 = Release|Any CPU
		{7060A06C-FC77-4153-8B9B-294426EFDC9F}.Debug|Any CPU.ActiveCfg = Debug|Any CPU
		{7060A06C-FC77-4153-8B9B-294426EFDC9F}.Debug|Any CPU.Build.0 = Debug|Any CPU
		{7060A06C-FC77-4153-8B9B-294426EFDC9F}.Release|Any CPU.ActiveCfg = Release|Any CPU
		{7060A06C-FC77-4153-8B9B-294426EFDC9F}.Release|Any CPU.Build.0 = Release|Any CPU
		{EA14094F-FB55-5ABC-1402-B4229C4AD0B1}.Debug|Any CPU.ActiveCfg = Debug|Any CPU
		{EA14094F-FB55-5ABC-1402-B4229C4AD0B1}.Debug|Any CPU.Build.0 = Debug|Any CPU
		{EA14094F-FB55-5ABC-1402-B4229C4AD0B1}.Release|Any CPU.ActiveCfg = Release|Any CPU
		{EA14094F-FB55-5ABC-1402-B4229C4AD0B1}.Release|Any CPU.Build.0 = Release|Any CPU
	EndGlobalSection
	GlobalSection(SolutionProperties) = preSolution
		HideSolutionNode = FALSE
	EndGlobalSection
	GlobalSection(NestedProjects) = preSolution
		{0C3440AC-9265-4E86-8031-752F7CC87143} = {02EA681E-C7D8-13C7-8484-4AC65E1B71E8}
		{F6C0AE09-68EE-4145-8111-0D76A2B73EFE} = {0C3440AC-9265-4E86-8031-752F7CC87143}
		{2E89F274-B5B4-4B10-A74E-8A3AD7EFD764} = {02EA681E-C7D8-13C7-8484-4AC65E1B71E8}
		{D6A50F79-C8C8-4D1B-8630-3D16797A053C} = {2E89F274-B5B4-4B10-A74E-8A3AD7EFD764}
		{EB4DFFE8-7C8E-4F4F-8490-8DBD2AF64738} = {02EA681E-C7D8-13C7-8484-4AC65E1B71E8}
		{AAA68CBC-2198-4DAB-A6CD-B3136B37F01C} = {EB4DFFE8-7C8E-4F4F-8490-8DBD2AF64738}
		{B42D945E-7EF3-4F61-B1DA-57132542C44E} = {EB4DFFE8-7C8E-4F4F-8490-8DBD2AF64738}
		{26C3D5EA-EEA6-42E0-AD97-36980ECC7E4E} = {EB4DFFE8-7C8E-4F4F-8490-8DBD2AF64738}
		{04C12236-661E-4085-84CC-7F32851F7971} = {AAA68CBC-2198-4DAB-A6CD-B3136B37F01C}
		{E50C0317-9534-40A1-B3BE-79CFDA3E9BA3} = {AAA68CBC-2198-4DAB-A6CD-B3136B37F01C}
		{BB67112F-6A69-439A-AB20-2B1894DF2BFC} = {B42D945E-7EF3-4F61-B1DA-57132542C44E}
		{7060A06C-FC77-4153-8B9B-294426EFDC9F} = {26C3D5EA-EEA6-42E0-AD97-36980ECC7E4E}
		{EA14094F-FB55-5ABC-1402-B4229C4AD0B1} = {F6A106D3-6D82-40DB-8067-59578F935736}
	EndGlobalSection
	GlobalSection(ExtensibilityGlobals) = postSolution
		SolutionGuid = {7854ED0E-5314-4E09-A734-3C275754B60B}
	EndGlobalSection
EndGlobal
